{
  "object": {
    "pins": [
      {
        "package": "async-http-client",
        "repositoryURL": "https://github.com/swift-server/async-http-client.git",
        "state": {
          "branch": null,
          "revision": "fc510a39cff61b849bf5cdff17eb2bd6d0777b49",
          "version": "1.11.5"
        }
      },
      {
        "package": "smoke-http",
        "repositoryURL": "https://github.com/amzn/smoke-http.git",
        "state": {
          "branch": "yuhaoy",
          "revision": "34e461cc8a3b74fbde2bc10a9a38dbd6488ffefe",
          "version": null
        }
      },
      {
        "package": "swift-atomics",
        "repositoryURL": "https://github.com/apple/swift-atomics.git",
        "state": {
          "branch": null,
          "revision": "919eb1d83e02121cdb434c7bfc1f0c66ef17febe",
          "version": "1.0.2"
        }
      },
      {
        "package": "swift-collections",
        "repositoryURL": "https://github.com/apple/swift-collections.git",
        "state": {
          "branch": null,
          "revision": "f504716c27d2e5d4144fa4794b12129301d17729",
          "version": "1.0.3"
        }
      },
      {
        "package": "swift-crypto",
        "repositoryURL": "https://github.com/apple/swift-crypto.git",
        "state": {
          "branch": null,
          "revision": "3bea268b223651c4ab7b7b9ad62ef9b2d4143eb6",
          "version": "1.1.6"
        }
      },
      {
        "package": "swift-log",
        "repositoryURL": "https://github.com/apple/swift-log",
        "state": {
          "branch": null,
          "revision": "5d66f7ba25daf4f94100e7022febf3c75e37a6c7",
          "version": "1.4.2"
        }
      },
      {
        "package": "swift-metrics",
        "repositoryURL": "https://github.com/apple/swift-metrics.git",
        "state": {
          "branch": null,
          "revision": "e382458581b05839a571c578e90060fff499f101",
          "version": "2.1.1"
        }
      },
      {
        "package": "swift-nio",
        "repositoryURL": "https://github.com/apple/swift-nio.git",
        "state": {
          "branch": null,
          "revision": "bc4c55b9f9584f09eb971d67d956e28d08caa9d0",
          "version": "2.43.1"
        }
      },
      {
        "package": "swift-nio-extras",
        "repositoryURL": "https://github.com/apple/swift-nio-extras.git",
        "state": {
          "branch": null,
          "revision": "6c84d247754ad77487a6f0694273b89b83efd056",
          "version": "1.14.0"
        }
      },
      {
        "package": "swift-nio-http2",
        "repositoryURL": "https://github.com/apple/swift-nio-http2.git",
        "state": {
          "branch": null,
          "revision": "00576e6f1efa5c46dca2ca3081dc56dd233b402d",
          "version": "1.23.0"
        }
      },
      {
        "package": "swift-nio-ssl",
        "repositoryURL": "https://github.com/apple/swift-nio-ssl.git",
        "state": {
          "branch": null,
          "revision": "ba7c0d7f82affc518147ea61d240330bf7f7ea9b",
          "version": "2.22.1"
        }
      },
      {
        "package": "swift-nio-transport-services",
        "repositoryURL": "https://github.com/apple/swift-nio-transport-services.git",
        "state": {
          "branch": null,
          "revision": "b6e37a0d442745760d6ed0195d8f283d3ce0414a",
          "version": "1.14.1"
        }
      },
      {
        "package": "XMLCoding",
        "repositoryURL": "https://github.com/LiveUI/XMLCoding.git",
        "state": {
          "branch": null,
          "revision": "f0fbfe17e73f329e13a6133ff5437f7b174049fd",
          "version": "0.4.1"
        }
      }
    ]
  },
  "version": 1
}
